
Microsoft Visual Studio Solution File, Format Version 11.00
# Visual Studio 2010
Project("{8BC9CEB8-8B4A-11D0-8D11-00A0C91BC942}") = "X666", "X666.vcxproj", "{A7656DC7-3007-4774-9B34-14937191CC18}"
EndProject
Global
	GlobalSection(SolutionConfigurationPlatforms) = preSolution
		Debug|Win32 = Debug|Win32
		Release|Win32 = Release|Win32
		Template|Win32 = Template|Win32
	EndGlobalSection
	GlobalSection(ProjectConfigurationPlatforms) = postSolution
		{A7656DC7-3007-4774-9B34-14937191CC18}.Debug|Win32.ActiveCfg = Debug|Win32
		{A7656DC7-3007-4774-9B34-14937191CC18}.Debug|Win32.Build.0 = Debug|Win32
		{A7656DC7-3007-4774-9B34-14937191CC18}.Release|Win32.ActiveCfg = Release|Win32
		{A7656DC7-3007-4774-9B34-14937191CC18}.Release|Win32.Build.0 = Release|Win32
		{A7656DC7-3007-4774-9B34-14937191CC18}.Template|Win32.ActiveCfg = Template|Win32
		{A7656DC7-3007-4774-9B34-14937191CC18}.Template|Win32.Build.0 = Template|Win32
	EndGlobalSection
	GlobalSection(SolutionProperties) = preSolution
		HideSolutionNode = FALSE
	EndGlobalSection
EndGlobal
